github.com/Vimux/Mainroad v0.0.0-20200409214845-e868e5626840 h1:JwJ34NM0ubSgRLyxdGnQaA0cWP5EeHVX+L/bMjFUKRI=
github.com/Vimux/Mainroad v0.0.0-20200409214845-e868e5626840/go.mod h1:jLdMcAraEBvAuFdWPXNkLElbXEo4acKVaaL2kky8W+8=
github.com/kaushalmodi/hugo-atom-feed v0.0.0-20200225144521-5da913dc46d2 h1:FmOtONhNJxzMHC8ySM5BqmPbISZWlW//7EwI0uij4oU=
github.com/kaushalmodi/hugo-atom-feed v0.0.0-20200225144521-5da913dc46d2/go.mod h1:WjXLPdv89Lzpgar1OsoSJhqUd+QEpBv7xluPWWPK5jI=
