codeberg.org/yelosan/hugo-feeds v0.0.0-20240620220418-fbb590066925 h1:EhI/s4tDLQp2bDEKMRxJywxks2pUMGqpX/LFwqQtxNQ=
codeberg.org/yelosan/hugo-feeds v0.0.0-20240620220418-fbb590066925/go.mod h1:m8ZR92RLEfDsNu7jEDT9Se98vvlT/d8hTp67t+u6mp4=
github.com/gohugo-ananke/ananke/v2 v2.17.0 h1:lGiSaMeOSPdO9rWw+jUkbWEGCnezQx4vHcqftfv40ws=
github.com/gohugo-ananke/ananke/v2 v2.17.0/go.mod h1:HLy3O8WIkY0EmkMryllP6ilZVvAWz1XsLnfYLuD7dvE=
